
Microsoft Visual Studio Solution File, Format Version 12.00
# Visual Studio Version 17
VisualStudioVersion = 17.11.35312.102
MinimumVisualStudioVersion = 10.0.40219.1
Project("{2150E333-8FDC-42A3-9474-1A3956D46DE8}") = "DoreYab_V1", "DoreYab_V1", "{E8D1A37F-23B8-4F84-AEC2-C2BCF67AC159}"
EndProject
Project("{FAE04EC0-301F-11D3-BF4B-00C04F79EFBC}") = "0_Framework", "0_Framework\0_Framework.csproj", "{CD3D4B55-ACC4-446E-AE72-F0448E412B7E}"
EndProject
Project("{FAE04EC0-301F-11D3-BF4B-00C04F79EFBC}") = "DY.Domain", "DY.Domain\DY.Domain.csproj", "{A65B2BA6-C536-4858-B49D-476C9727E719}"
EndProject
Project("{FAE04EC0-301F-11D3-BF4B-00C04F79EFBC}") = "DY.Application.Contract", "DY.Application.Contract\DY.Application.Contract.csproj", "{C3E4C23B-72C8-447E-AD36-260C49573E6B}"
EndProject
Project("{FAE04EC0-301F-11D3-BF4B-00C04F79EFBC}") = "DY.Application", "DY.Application\DY.Application.csproj", "{B065CAA8-D45D-4F34-B481-174E5F88CD43}"
EndProject
Project("{FAE04EC0-301F-11D3-BF4B-00C04F79EFBC}") = "DY.Inferastructure.EfCore", "DY.Inferastructure.EfCore\DY.Inferastructure.EfCore.csproj", "{AD0ADCC3-0F53-4AE8-A329-BE31901D4F86}"
EndProject
Project("{FAE04EC0-301F-11D3-BF4B-00C04F79EFBC}") = "DY.Presentation", "DY.Presentation\DY.Presentation.csproj", "{5F8701B1-21C6-4F3B-AAAA-3B6AADE65F3B}"
EndProject
Global
	GlobalSection(SolutionConfigurationPlatforms) = preSolution
		Debug|Any CPU = Debug|Any CPU
		Release|Any CPU = Release|Any CPU
	EndGlobalSection
	GlobalSection(ProjectConfigurationPlatforms) = postSolution
		{CD3D4B55-ACC4-446E-AE72-F0448E412B7E}.Debug|Any CPU.ActiveCfg = Debug|Any CPU
		{CD3D4B55-ACC4-446E-AE72-F0448E412B7E}.Debug|Any CPU.Build.0 = Debug|Any CPU
		{CD3D4B55-ACC4-446E-AE72-F0448E412B7E}.Release|Any CPU.ActiveCfg = Release|Any CPU
		{CD3D4B55-ACC4-446E-AE72-F0448E412B7E}.Release|Any CPU.Build.0 = Release|Any CPU
		{A65B2BA6-C536-4858-B49D-476C9727E719}.Debug|Any CPU.ActiveCfg = Debug|Any CPU
		{A65B2BA6-C536-4858-B49D-476C9727E719}.Debug|Any CPU.Build.0 = Debug|Any CPU
		{A65B2BA6-C536-4858-B49D-476C9727E719}.Release|Any CPU.ActiveCfg = Release|Any CPU
		{A65B2BA6-C536-4858-B49D-476C9727E719}.Release|Any CPU.Build.0 = Release|Any CPU
		{C3E4C23B-72C8-447E-AD36-260C49573E6B}.Debug|Any CPU.ActiveCfg = Debug|Any CPU
		{C3E4C23B-72C8-447E-AD36-260C49573E6B}.Debug|Any CPU.Build.0 = Debug|Any CPU
		{C3E4C23B-72C8-447E-AD36-260C49573E6B}.Release|Any CPU.ActiveCfg = Release|Any CPU
		{C3E4C23B-72C8-447E-AD36-260C49573E6B}.Release|Any CPU.Build.0 = Release|Any CPU
		{B065CAA8-D45D-4F34-B481-174E5F88CD43}.Debug|Any CPU.ActiveCfg = Debug|Any CPU
		{B065CAA8-D45D-4F34-B481-174E5F88CD43}.Debug|Any CPU.Build.0 = Debug|Any CPU
		{B065CAA8-D45D-4F34-B481-174E5F88CD43}.Release|Any CPU.ActiveCfg = Release|Any CPU
		{B065CAA8-D45D-4F34-B481-174E5F88CD43}.Release|Any CPU.Build.0 = Release|Any CPU
		{AD0ADCC3-0F53-4AE8-A329-BE31901D4F86}.Debug|Any CPU.ActiveCfg = Debug|Any CPU
		{AD0ADCC3-0F53-4AE8-A329-BE31901D4F86}.Debug|Any CPU.Build.0 = Debug|Any CPU
		{AD0ADCC3-0F53-4AE8-A329-BE31901D4F86}.Release|Any CPU.ActiveCfg = Release|Any CPU
		{AD0ADCC3-0F53-4AE8-A329-BE31901D4F86}.Release|Any CPU.Build.0 = Release|Any CPU
		{5F8701B1-21C6-4F3B-AAAA-3B6AADE65F3B}.Debug|Any CPU.ActiveCfg = Debug|Any CPU
		{5F8701B1-21C6-4F3B-AAAA-3B6AADE65F3B}.Debug|Any CPU.Build.0 = Debug|Any CPU
		{5F8701B1-21C6-4F3B-AAAA-3B6AADE65F3B}.Release|Any CPU.ActiveCfg = Release|Any CPU
		{5F8701B1-21C6-4F3B-AAAA-3B6AADE65F3B}.Release|Any CPU.Build.0 = Release|Any CPU
	EndGlobalSection
	GlobalSection(SolutionProperties) = preSolution
		HideSolutionNode = FALSE
	EndGlobalSection
	GlobalSection(NestedProjects) = preSolution
		{CD3D4B55-ACC4-446E-AE72-F0448E412B7E} = {E8D1A37F-23B8-4F84-AEC2-C2BCF67AC159}
		{A65B2BA6-C536-4858-B49D-476C9727E719} = {E8D1A37F-23B8-4F84-AEC2-C2BCF67AC159}
		{C3E4C23B-72C8-447E-AD36-260C49573E6B} = {E8D1A37F-23B8-4F84-AEC2-C2BCF67AC159}
		{B065CAA8-D45D-4F34-B481-174E5F88CD43} = {E8D1A37F-23B8-4F84-AEC2-C2BCF67AC159}
		{AD0ADCC3-0F53-4AE8-A329-BE31901D4F86} = {E8D1A37F-23B8-4F84-AEC2-C2BCF67AC159}
		{5F8701B1-21C6-4F3B-AAAA-3B6AADE65F3B} = {E8D1A37F-23B8-4F84-AEC2-C2BCF67AC159}
	EndGlobalSection
	GlobalSection(ExtensibilityGlobals) = postSolution
		SolutionGuid = {DE7E37B8-42E5-4AE0-A270-56013320B054}
	EndGlobalSection
EndGlobal
